
Microsoft Visual Studio Solution File, Format Version 12.00
# Visual Studio Version 16
VisualStudioVersion = 16.0.30002.166
MinimumVisualStudioVersion = 10.0.40219.1
Project("{FAE04EC0-301F-11D3-BF4B-00C04F79EFBC}") = "DataBinding", "DataBinding\DataBinding.csproj", "{485B82CF-D74E-4598-94FA-BE09BE7B48EE}"
EndProject
Global
	GlobalSection(SolutionConfigurationPlatforms) = preSolution
		Debug|Any CPU = Debug|Any CPU
		Release|Any CPU = Release|Any CPU
	EndGlobalSection
	GlobalSection(ProjectConfigurationPlatforms) = postSolution
		{485B82CF-D74E-4598-94FA-BE09BE7B48EE}.Debug|Any CPU.ActiveCfg = Debug|Any CPU
		{485B82CF-D74E-4598-94FA-BE09BE7B48EE}.Debug|Any CPU.Build.0 = Debug|Any CPU
		{485B82CF-D74E-4598-94FA-BE09BE7B48EE}.Release|Any CPU.ActiveCfg = Release|Any CPU
		{485B82CF-D74E-4598-94FA-BE09BE7B48EE}.Release|Any CPU.Build.0 = Release|Any CPU
	EndGlobalSection
	GlobalSection(SolutionProperties) = preSolution
		HideSolutionNode = FALSE
	EndGlobalSection
	GlobalSection(ExtensibilityGlobals) = postSolution
		SolutionGuid = {1586F12E-2FB6-46D3-BDBB-3845FA27C0E1}
	EndGlobalSection
EndGlobal
